Microsoft Visual Studio Solution File, Format Version 12.00
# Visual Studio Version 17
VisualStudioVersion = 17.5.2.0
MinimumVisualStudioVersion = 10.0.40219.1
Project("{2150E333-8FDC-42A3-9474-1A3956D46DE8}") = "Actividades en el lenguaje C#", "Actividades en el lenguaje C#", "{4F5F88ED-29B5-28A1-4438-29E875F34940}"
EndProject
Project("{FAE04EC0-301F-11D3-BF4B-00C04F79EFBC}") = "Tarea_2_Declarar_Tipo_de_Dato_Abstracto", "Actividades en el lenguaje C#\Tarea_2_Declarar_Tipo_de_Dato_Abstracto\Tarea_2_Declarar_Tipo_de_Dato_Abstracto.csproj", "{952A44C6-BEC5-DDD9-6860-BCDA7B049A1C}"
EndProject
Global
	GlobalSection(SolutionConfigurationPlatforms) = preSolution
		Debug|Any CPU = Debug|Any CPU
		Release|Any CPU = Release|Any CPU
	EndGlobalSection
	GlobalSection(ProjectConfigurationPlatforms) = postSolution
		{952A44C6-BEC5-DDD9-6860-BCDA7B049A1C}.Debug|Any CPU.ActiveCfg = Debug|Any CPU
		{952A44C6-BEC5-DDD9-6860-BCDA7B049A1C}.Debug|Any CPU.Build.0 = Debug|Any CPU
		{952A44C6-BEC5-DDD9-6860-BCDA7B049A1C}.Release|Any CPU.ActiveCfg = Release|Any CPU
		{952A44C6-BEC5-DDD9-6860-BCDA7B049A1C}.Release|Any CPU.Build.0 = Release|Any CPU
	EndGlobalSection
	GlobalSection(SolutionProperties) = preSolution
		HideSolutionNode = FALSE
	EndGlobalSection
	GlobalSection(NestedProjects) = preSolution
		{952A44C6-BEC5-DDD9-6860-BCDA7B049A1C} = {4F5F88ED-29B5-28A1-4438-29E875F34940}
	EndGlobalSection
	GlobalSection(ExtensibilityGlobals) = postSolution
		SolutionGuid = {273804BD-0E2E-45FC-9FD0-07F000C1CE4D}
	EndGlobalSection
EndGlobal
